schema_version: 1.0.0
resolved_at: "2026-05-21T22:15:11Z"
resolver_version: loom-runner@0.1.0
threads:
    - thread: stripe-shim
      resolved_version: 1.2.1
      manifest_hash: sha256:de6b91fedf891ed89d3abfe1544c475ae2948f93295f10e547e0d0e8e198fd94
      artifact_hashes:
        cyclonedx-json: sha256:9e5d487e2f9dd275d3055b139c23e58ba3236d29e19970e437411ec2388efc42
        npm: sha256:a104d05249dadde24a7a843f4de84f24535f6e47f0fa432e2442aff6485d935a
    - thread: auth-core
      resolved_version: 2.1.3
      manifest_hash: sha256:dcc4b96611ab0cd4f14ea70bb334f17b2f1ba6eb25a6e6d56a5a5d559b75a785
      artifact_hashes:
        cyclonedx-json: sha256:73f3377a43ec353e62ac09a0efa6a2532e5936f29dba9db7f0878309da35da6a
        npm: sha256:73f3377a43ec353e62ac09a0efa6a2532e5936f29dba9db7f0878309da35da6a
    - thread: webhook-verifier
      resolved_version: 1.0.0
      manifest_hash: sha256:880e4a02f12b7c87001426c79cf5cef3ef7daed2a1c966078e1d6d22fee394db
      artifact_hashes:
        cyclonedx-json: sha256:a9358f26b20e49d384c4c248b86f91a5ac01f00b66cbbaa98a00a674e9cb5870
        npm: sha256:a9358f26b20e49d384c4c248b86f91a5ac01f00b66cbbaa98a00a674e9cb5870
signature:
  algorithm: "ed25519"
  bundle: "VaC8RQDZ79Q9g6ZO/whKGTIlPvHifxkdI/1f9AgEqmhh2/AN3p5h2zHnEvpYWFchlaOfJZXJ1PUMth8S4DL3Bg=="
  signer_identity: "ed25519:4Zl0L+KvTW3uvfbDrZYcdCuYzJ8d/fj1vSQdxgwxrfg="
