schema_version: 1.0.0
resolved_at: "2026-05-14T17:40:49Z"
resolver_version: loom-runner@0.1.0
threads:
    - thread: stripe-shim
      resolved_version: 1.2.1
      manifest_hash: sha256:f6c91b2088eb5190302454903bf31419c32335eb31c85d578bd5b99738141754
      artifact_hashes:
        cyclonedx-json: sha256:9e5d487e2f9dd275d3055b139c23e58ba3236d29e19970e437411ec2388efc42
        npm: sha256:a104d05249dadde24a7a843f4de84f24535f6e47f0fa432e2442aff6485d935a
signature:
  algorithm: "ed25519"
  bundle: "Y4e+bYlLXGHw0ciVascIbqjIg/28b5bk9b4WuyAcW/A4UC30Oq+S+7unole4gCPhowkD0y9x+/z2mn6jIjAzDA=="
  signer_identity: "ed25519:btBZhJsC2c/ds53o6UyjKuenegpW2qGKUJ4/nvgeLM8="
